version = 1
revision = 3
requires-python = ">=3.14"

[[package]]
name = "1"
version = "0.1.0"
source = { virtual = "." }
dependencies = [
    { name = "clickhouse-driver" },
]

[package.metadata]
requires-dist = [{ name = "clickhouse-driver", specifier = ">=0.2.10" }]

[[package]]
name = "clickhouse-driver"
version = "0.2.10"
source = { registry = "https://pypi.org/simple" }
dependencies = [
    { name = "pytz" },
    { name = "tzlocal" },
]
sdist = { url = "https://files.pythonhosted.org/packages/46/9e/d8e40b29b6269a84552441a553fc64dff28f2d7e2d92e81c6be84fe12b4c/clickhouse_driver-0.2.10.tar.gz", hash = "sha256:925fc6ecda1e5314e3f03bcb493955c068b070cdba221fb8ce27329ee8a7f71b", size = 409448, upload-time = "2025-11-10T22:49:58.764Z" }
wheels = [
    { url = "https://files.pythonhosted.org/packages/e7/9f/513e661a80b0db9b6be5ce525d6cc86339c04dfc8d75f577b775e5ac5cf1/clickhouse_driver-0.2.10-cp314-cp314-macosx_10_15_x86_64.whl", hash = "sha256:19dd1de015d98dd1559d14ef05de2b6a0560c98b77ef160b3b99632a87fc8212", size = 211779, upload-time = "2025-11-10T22:48:36.873Z" },
    { url = "https://files.pythonhosted.org/packages/1c/6e/842610028ca39c826865402d46b7d7f499a9a249de219edfce889c0e025d/clickhouse_driver-0.2.10-cp314-cp314-macosx_11_0_arm64.whl", hash = "sha256:b6f35a9ee7f7a8ce3483764c3bc2d23c8be1c5ce3aef537b1a3cebe59fdb0c4d", size = 205709, upload-time = "2025-11-10T22:48:38.404Z" },
    { url = "https://files.pythonhosted.org/packages/c6/94/ddbcda962f7ca36cbcf7ded105f68f99b261dc29b9c28ca2eaec70382f66/clickhouse_driver-0.2.10-cp314-cp314-manylinux2014_aarch64.manylinux_2_17_aarch64.manylinux_2_28_aarch64.whl", hash = "sha256:888ab59b2cccda24680cfbaeb723fd8922c6148b9a43ad4cf067fef55959f19f", size = 1032732, upload-time = "2025-11-10T22:48:40.047Z" },
    { url = "https://files.pythonhosted.org/packages/f6/1d/9d378af127ca1d35b734c965a9ec26318253f07d2a7eaa4a5643210fe327/clickhouse_driver-0.2.10-cp314-cp314-manylinux2014_ppc64le.manylinux_2_17_ppc64le.manylinux_2_28_ppc64le.whl", hash = "sha256:fbf5d692ee4df241e82d200a195dc2ddbe7fbf490ebd185fbd9da32478245399", size = 1085199, upload-time = "2025-11-10T22:48:41.784Z" },
    { url = "https://files.pythonhosted.org/packages/3c/38/d65aedbe40e08a085fe3c2fcdcfcc0cec084d2e838e653c1ed4408771d9a/clickhouse_driver-0.2.10-cp314-cp314-manylinux2014_s390x.manylinux_2_17_s390x.manylinux_2_28_s390x.whl", hash = "sha256:2f1d42ffcdc5b77346403e7ac49639a48c2fb58767a3e55657bd40e36290e9f0", size = 1089153, upload-time = "2025-11-10T22:48:43.283Z" },
    { url = "https://files.pythonhosted.org/packages/ef/e3/e60fbcd5ec1458da9fe313984527e9ce5f95636c178bd2d08d6257c42c30/clickhouse_driver-0.2.10-cp314-cp314-manylinux2014_x86_64.manylinux_2_17_x86_64.manylinux_2_28_x86_64.whl", hash = "sha256:74b36dfb79311bcf1ba6edde926908a46778a5e9db6302f126a799550f1fb807", size = 1023508, upload-time = "2025-11-10T22:48:44.83Z" },
    { url = "https://files.pythonhosted.org/packages/9b/80/345be27d8011bcbd2fd3437d15b0e387369e2a8a8b73a7704af25bb6e90b/clickhouse_driver-0.2.10-cp314-cp314-musllinux_1_2_aarch64.whl", hash = "sha256:8c49d4b6619ce9237817185a41db6645f1557f7a77f2a822029ded1041179d55", size = 995994, upload-time = "2025-11-10T22:48:46.35Z" },
    { url = "https://files.pythonhosted.org/packages/0c/76/de011c4460a2b80e517c9a5f1b80a9fe3937e2987989e9776a79dc0a1e99/clickhouse_driver-0.2.10-cp314-cp314-musllinux_1_2_ppc64le.whl", hash = "sha256:503bbcbfedd65840489dadf3d0a2ac391888828b8f82579e6ec08efb1f362659", size = 1043865, upload-time = "2025-11-10T22:48:47.924Z" },
    { url = "https://files.pythonhosted.org/packages/5d/f4/264b6bb95488eebd79565372c8fbe397df2aac1478224629ebdc229eab00/clickhouse_driver-0.2.10-cp314-cp314-musllinux_1_2_s390x.whl", hash = "sha256:64aa403194bf4d3bdbecc2f8412ca85f4b9a35ed8dc228f23061a9889ce18dc4", size = 1038468, upload-time = "2025-11-10T22:48:50.706Z" },
    { url = "https://files.pythonhosted.org/packages/ec/95/01b3cc32ba060132ce9183f7af9059995fed2ded8d41865e86193f17ce30/clickhouse_driver-0.2.10-cp314-cp314-musllinux_1_2_x86_64.whl", hash = "sha256:20b16b066760cfcc6a8a5342e91585a84ba22152f83421030edd3582b6e420e3", size = 998721, upload-time = "2025-11-10T22:48:52.924Z" },
    { url = "https://files.pythonhosted.org/packages/85/d4/21e3203f8d22ad32224b0623ad2772103bb3a05ce367d6b27e78e118ea2f/clickhouse_driver-0.2.10-cp314-cp314-win32.whl", hash = "sha256:5ac6eed651dd6320a50338ff331fea93d20ed13dec27c7c7bfab71f8db3c76bb", size = 192639, upload-time = "2025-11-10T22:48:54.729Z" },
    { url = "https://files.pythonhosted.org/packages/ac/6b/1e87eb25614c0477fdadd5cf0b49675bc91cfcae95a10cbb83e3a688b01b/clickhouse_driver-0.2.10-cp314-cp314-win_amd64.whl", hash = "sha256:9f17746188833162e06e6af595e6a41c2ed09c7714b96860217c696fdb7689cf", size = 206586, upload-time = "2025-11-10T22:48:56.002Z" },
]

[[package]]
name = "pytz"
version = "2026.1.post1"
source = { registry = "https://pypi.org/simple" }
sdist = { url = "https://files.pythonhosted.org/packages/56/db/b8721d71d945e6a8ac63c0fc900b2067181dbb50805958d4d4661cf7d277/pytz-2026.1.post1.tar.gz", hash = "sha256:3378dde6a0c3d26719182142c56e60c7f9af7e968076f31aae569d72a0358ee1", size = 321088, upload-time = "2026-03-03T07:47:50.683Z" }
wheels = [
    { url = "https://files.pythonhosted.org/packages/10/99/781fe0c827be2742bcc775efefccb3b048a3a9c6ce9aec0cbf4a101677e5/pytz-2026.1.post1-py2.py3-none-any.whl", hash = "sha256:f2fd16142fda348286a75e1a524be810bb05d444e5a081f37f7affc635035f7a", size = 510489, upload-time = "2026-03-03T07:47:49.167Z" },
]

[[package]]
name = "tzdata"
version = "2026.2"
source = { registry = "https://pypi.org/simple" }
sdist = { url = "https://files.pythonhosted.org/packages/ba/19/1b9b0e29f30c6d35cb345486df41110984ea67ae69dddbc0e8a100999493/tzdata-2026.2.tar.gz", hash = "sha256:9173fde7d80d9018e02a662e168e5a2d04f87c41ea174b139fbef642eda62d10", size = 198254, upload-time = "2026-04-24T15:22:08.651Z" }
wheels = [
    { url = "https://files.pythonhosted.org/packages/ce/e4/dccd7f47c4b64213ac01ef921a1337ee6e30e8c6466046018326977efd95/tzdata-2026.2-py2.py3-none-any.whl", hash = "sha256:bbe9af844f658da81a5f95019480da3a89415801f6cc966806612cc7169bffe7", size = 349321, upload-time = "2026-04-24T15:22:05.876Z" },
]

[[package]]
name = "tzlocal"
version = "5.3.1"
source = { registry = "https://pypi.org/simple" }
dependencies = [
    { name = "tzdata", marker = "sys_platform == 'win32'" },
]
sdist = { url = "https://files.pythonhosted.org/packages/8b/2e/c14812d3d4d9cd1773c6be938f89e5735a1f11a9f184ac3639b93cef35d5/tzlocal-5.3.1.tar.gz", hash = "sha256:cceffc7edecefea1f595541dbd6e990cb1ea3d19bf01b2809f362a03dd7921fd", size = 30761, upload-time = "2025-03-05T21:17:41.549Z" }
wheels = [
    { url = "https://files.pythonhosted.org/packages/c2/14/e2a54fabd4f08cd7af1c07030603c3356b74da07f7cc056e600436edfa17/tzlocal-5.3.1-py3-none-any.whl", hash = "sha256:eb1a66c3ef5847adf7a834f1be0800581b683b5608e74f86ecbcef8ab91bb85d", size = 18026, upload-time = "2025-03-05T21:17:39.857Z" },
]
